// !$*UTF8*$!
{
	archiveVersion = 1;
	classes = {
	};
	objectVersion = 77;
	objects = {

/* Begin PBXContainerItemProxy section */
		0259B9F42D6F66160028A5D8 /* PBXContainerItemProxy */ = {
			isa = PBXContainerItemProxy;
			containerPortal = 0259B9D72D6F66130028A5D8 /* Project object */;
			proxyType = 1;
			remoteGlobalIDString = 0259B9DE2D6F66130028A5D8;
			remoteInfo = SnaptrackrV1;
		};
		0259B9FE2D6F66160028A5D8 /* PBXContainerItemProxy */ = {
			isa = PBXContainerItemProxy;
			containerPortal = 0259B9D72D6F66130028A5D8 /* Project object */;
			proxyType = 1;
			remoteGlobalIDString = 0259B9DE2D6F66130028A5D8;
			remoteInfo = SnaptrackrV1;
		};
/* End PBXContainerItemProxy section */

/* Begin PBXFileReference section */
		0259B9DF2D6F66130028A5D8 /* SnaptrackrV1.app */ = {isa = PBXFileReference; explicitFileType = wrapper.application; includeInIndex = 0; path = SnaptrackrV1.app; sourceTree = BUILT_PRODUCTS_DIR; };
		0259B9F32D6F66160028A5D8 /* SnaptrackrV1Tests.xctest */ = {isa = PBXFileReference; explicitFileType = wrapper.cfbundle; includeInIndex = 0; path = SnaptrackrV1Tests.xctest; sourceTree = BUILT_PRODUCTS_DIR; };
		0259B9FD2D6F66160028A5D8 /* SnaptrackrV1UITests.xctest */ = {isa = PBXFileReference; explicitFileType = wrapper.cfbundle; includeInIndex = 0; path = SnaptrackrV1UITests.xctest; sourceTree = BUILT_PRODUCTS_DIR; };
/* End PBXFileReference section */

/* Begin PBXFileSystemSynchronizedBuildFileExceptionSet section */
		0259BA052D6F66160028A5D8 /* Exceptions for "SnaptrackrV1" folder in "SnaptrackrV1" target */ = {
			isa = PBXFileSystemSynchronizedBuildFileExceptionSet;
			membershipExceptions = (
				Info.plist,
			);
			target = 0259B9DE2D6F66130028A5D8 /* SnaptrackrV1 */;
		};
/* End PBXFileSystemSynchronizedBuildFileExceptionSet section */

/* Begin PBXFileSystemSynchronizedRootGroup section */
		0259B9E12D6F66130028A5D8 /* SnaptrackrV1 */ = {
			isa = PBXFileSystemSynchronizedRootGroup;
			exceptions = (
				0259BA052D6F66160028A5D8 /* Exceptions for "SnaptrackrV1" folder in "SnaptrackrV1" target */,
			);
			path = SnaptrackrV1;
			sourceTree = "<group>";
		};
		0259B9F62D6F66160028A5D8 /* SnaptrackrV1Tests */ = {
			isa = PBXFileSystemSynchronizedRootGroup;
			path = SnaptrackrV1Tests;
			sourceTree = "<group>";
		};
		0259BA002D6F66160028A5D8 /* SnaptrackrV1UITests */ = {
			isa = PBXFileSystemSynchronizedRootGroup;
			path = SnaptrackrV1UITests;
			sourceTree = "<group>";
		};
/* End PBXFileSystemSynchronizedRootGroup section */

/* Begin PBXFrameworksBuildPhase section */
		0259B9DC2D6F66130028A5D8 /* Frameworks */ = {
			isa = PBXFrameworksBuildPhase;
			buildActionMask = 2147483647;
			files = (
			);
			runOnlyForDeploymentPostprocessing = 0;
		};
		0259B9F02D6F66160028A5D8 /* Frameworks */ = {
			isa = PBXFrameworksBuildPhase;
			buildActionMask = 2147483647;
			files = (
			);
			runOnlyForDeploymentPostprocessing = 0;
		};
		0259B9FA2D6F66160028A5D8 /* Frameworks */ = {
			isa = PBXFrameworksBuildPhase;
			buildActionMask = 2147483647;
			files = (
			);
			runOnlyForDeploymentPostprocessing = 0;
		};
/* End PBXFrameworksBuildPhase section */

/* Begin PBXGroup section */
		0259B9D62D6F66130028A5D8 = {
			isa = PBXGroup;
			children = (
				0259B9E12D6F66130028A5D8 /* SnaptrackrV1 */,
				0259B9F62D6F66160028A5D8 /* SnaptrackrV1Tests */,
				0259BA002D6F66160028A5D8 /* SnaptrackrV1UITests */,
				0259B9E02D6F66130028A5D8 /* Products */,
			);
			sourceTree = "<group>";
		};
		0259B9E02D6F66130028A5D8 /* Products */ = {
			isa = PBXGroup;
			children = (
				0259B9DF2D6F66130028A5D8 /* SnaptrackrV1.app */,
				0259B9F32D6F66160028A5D8 /* SnaptrackrV1Tests.xctest */,
				0259B9FD2D6F66160028A5D8 /* SnaptrackrV1UITests.xctest */,
			);
			name = Products;
			sourceTree = "<group>";
		};
/* End PBXGroup section */

/* Begin PBXNativeTarget section */
		0259B9DE2D6F66130028A5D8 /* SnaptrackrV1 */ = {
			isa = PBXNativeTarget;
			buildConfigurationList = 0259BA062D6F66160028A5D8 /* Build configuration list for PBXNativeTarget "SnaptrackrV1" */;
			buildPhases = (
				0259B9DB2D6F66130028A5D8 /* Sources */,
				0259B9DC2D6F66130028A5D8 /* Frameworks */,
				0259B9DD2D6F66130028A5D8 /* Resources */,
			);
			buildRules = (
			);
			dependencies = (
			);
			fileSystemSynchronizedGroups = (
				0259B9E12D6F66130028A5D8 /* SnaptrackrV1 */,
			);
			name = SnaptrackrV1;
			packageProductDependencies = (
			);
			productName = SnaptrackrV1;
			productReference = 0259B9DF2D6F66130028A5D8 /* SnaptrackrV1.app */;
			productType = "com.apple.product-type.application";
		};
		0259B9F22D6F66160028A5D8 /* SnaptrackrV1Tests */ = {
			isa = PBXNativeTarget;
			buildConfigurationList = 0259BA0B2D6F66160028A5D8 /* Build configuration list for PBXNativeTarget "SnaptrackrV1Tests" */;
			buildPhases = (
				0259B9EF2D6F66160028A5D8 /* Sources */,
				0259B9F02D6F66160028A5D8 /* Frameworks */,
				0259B9F12D6F66160028A5D8 /* Resources */,
			);
			buildRules = (
			);
			dependencies = (
				0259B9F52D6F66160028A5D8 /* PBXTargetDependency */,
			);
			fileSystemSynchronizedGroups = (
				0259B9F62D6F66160028A5D8 /* SnaptrackrV1Tests */,
			);
			name = SnaptrackrV1Tests;
			packageProductDependencies = (
			);
			productName = SnaptrackrV1Tests;
			productReference = 0259B9F32D6F66160028A5D8 /* SnaptrackrV1Tests.xctest */;
			productType = "com.apple.product-type.bundle.unit-test";
		};
		0259B9FC2D6F66160028A5D8 /* SnaptrackrV1UITests */ = {
			isa = PBXNativeTarget;
			buildConfigurationList = 0259BA0E2D6F66160028A5D8 /* Build configuration list for PBXNativeTarget "SnaptrackrV1UITests" */;
			buildPhases = (
				0259B9F92D6F66160028A5D8 /* Sources */,
				0259B9FA2D6F66160028A5D8 /* Frameworks */,
				0259B9FB2D6F66160028A5D8 /* Resources */,
			);
			buildRules = (
			);
			dependencies = (
				0259B9FF2D6F66160028A5D8 /* PBXTargetDependency */,
			);
			fileSystemSynchronizedGroups = (
				0259BA002D6F66160028A5D8 /* SnaptrackrV1UITests */,
			);
			name = SnaptrackrV1UITests;
			packageProductDependencies = (
			);
			productName = SnaptrackrV1UITests;
			productReference = 0259B9FD2D6F66160028A5D8 /* SnaptrackrV1UITests.xctest */;
			productType = "com.apple.product-type.bundle.ui-testing";
		};
/* End PBXNativeTarget section */

/* Begin PBXProject section */
		0259B9D72D6F66130028A5D8 /* Project object */ = {
			isa = PBXProject;
			attributes = {
				BuildIndependentTargetsInParallel = 1;
				LastSwiftUpdateCheck = 1620;
				LastUpgradeCheck = 1620;
				TargetAttributes = {
					0259B9DE2D6F66130028A5D8 = {
						CreatedOnToolsVersion = 16.2;
					};
					0259B9F22D6F66160028A5D8 = {
						CreatedOnToolsVersion = 16.2;
						TestTargetID = 0259B9DE2D6F66130028A5D8;
					};
					0259B9FC2D6F66160028A5D8 = {
						CreatedOnToolsVersion = 16.2;
						TestTargetID = 0259B9DE2D6F66130028A5D8;
					};
				};
			};
			buildConfigurationList = 0259B9DA2D6F66130028A5D8 /* Build configuration list for PBXProject "SnaptrackrV1" */;
			developmentRegion = en;
			hasScannedForEncodings = 0;
			knownRegions = (
				en,
				Base,
			);
			mainGroup = 0259B9D62D6F66130028A5D8;
			minimizedProjectReferenceProxies = 1;
			preferredProjectObjectVersion = 77;
			productRefGroup = 0259B9E02D6F66130028A5D8 /* Products */;
			projectDirPath = "";
			projectRoot = "";
			targets = (
				0259B9DE2D6F66130028A5D8 /* SnaptrackrV1 */,
				0259B9F22D6F66160028A5D8 /* SnaptrackrV1Tests */,
				0259B9FC2D6F66160028A5D8 /* SnaptrackrV1UITests */,
			);
		};
/* End PBXProject section */

/* Begin PBXResourcesBuildPhase section */
		0259B9DD2D6F66130028A5D8 /* Resources */ = {
			isa = PBXResourcesBuildPhase;
			buildActionMask = 2147483647;
			files = (
			);
			runOnlyForDeploymentPostprocessing = 0;
		};
		0259B9F12D6F66160028A5D8 /* Resources */ = {
			isa = PBXResourcesBuildPhase;
			buildActionMask = 2147483647;
			files = (
			);
			runOnlyForDeploymentPostprocessing = 0;
		};
		0259B9FB2D6F66160028A5D8 /* Resources */ = {
			isa = PBXResourcesBuildPhase;
			buildActionMask = 2147483647;
			files = (
			);
			runOnlyForDeploymentPostprocessing = 0;
		};
/* End PBXResourcesBuildPhase section */

/* Begin PBXSourcesBuildPhase section */
		0259B9DB2D6F66130028A5D8 /* Sources */ = {
			isa = PBXSourcesBuildPhase;
			buildActionMask = 2147483647;
			files = (
			);
			runOnlyForDeploymentPostprocessing = 0;
		};
		0259B9EF2D6F66160028A5D8 /* Sources */ = {
			isa = PBXSourcesBuildPhase;
			buildActionMask = 2147483647;
			files = (
			);
			runOnlyForDeploymentPostprocessing = 0;
		};
		0259B9F92D6F66160028A5D8 /* Sources */ = {
			isa = PBXSourcesBuildPhase;
			buildActionMask = 2147483647;
			files = (
			);
			runOnlyForDeploymentPostprocessing = 0;
		};
/* End PBXSourcesBuildPhase section */

/* Begin PBXTargetDependency section */
		0259B9F52D6F66160028A5D8 /* PBXTargetDependency */ = {
			isa = PBXTargetDependency;
			target = 0259B9DE2D6F66130028A5D8 /* SnaptrackrV1 */;
			targetProxy = 0259B9F42D6F66160028A5D8 /* PBXContainerItemProxy */;
		};
		0259B9FF2D6F66160028A5D8 /* PBXTargetDependency */ = {
			isa = PBXTargetDependency;
			target = 0259B9DE2D6F66130028A5D8 /* SnaptrackrV1 */;
			targetProxy = 0259B9FE2D6F66160028A5D8 /* PBXContainerItemProxy */;
		};
/* End PBXTargetDependency section */

/* Begin XCBuildConfiguration section */
		0259BA072D6F66160028A5D8 /* Debug */ = {
			isa = XCBuildConfiguration;
			buildSettings = {
				ASSETCATALOG_COMPILER_APPICON_NAME = AppIcon;
				ASSETCATALOG_COMPILER_GLOBAL_ACCENT_COLOR_NAME = AccentColor;
				CODE_SIGN_ENTITLEMENTS = SnaptrackrV1/SnaptrackrV1.entitlements;
				CODE_SIGN_STYLE = Automatic;
				CURRENT_PROJECT_VERSION = 1;
				DEVELOPMENT_ASSET_PATHS = "\"SnaptrackrV1/Preview Content\"";
				DEVELOPMENT_TEAM = BK3KB8FDU5;
				ENABLE_PREVIEWS = YES;
				GENERATE_INFOPLIST_FILE = YES;
				INFOPLIST_FILE = SnaptrackrV1/Info.plist;
				INFOPLIST_KEY_UIApplicationSceneManifest_Generation = YES;
				INFOPLIST_KEY_UIApplicationSupportsIndirectInputEvents = YES;
				INFOPLIST_KEY_UILaunchScreen_Generation = YES;
				INFOPLIST_KEY_UISupportedInterfaceOrientations_iPad = "UIInterfaceOrientationPortrait UIInterfaceOrientationPortraitUpsideDown UIInterfaceOrientationLandscapeLeft UIInterfaceOrientationLandscapeRight";
				INFOPLIST_KEY_UISupportedInterfaceOrientations_iPhone = "UIInterfaceOrientationPortrait UIInterfaceOrientationLandscapeLeft UIInterfaceOrientationLandscapeRight";
				LD_RUNPATH_SEARCH_PATHS = (
					"$(inherited)",
					"@executable_path/Frameworks",
				);
				MARKETING_VERSION = 1.0;
				PRODUCT_BUNDLE_IDENTIFIER = SW.SnaptrackrV1;
				PRODUCT_NAME = "$(TARGET_NAME)";
				SWIFT_EMIT_LOC_STRINGS = YES;
				SWIFT_VERSION = 5.0;
				TARGETED_DEVICE_FAMILY = "1,2";
			};
			name = Debug;
		};
		0259BA082D6F66160028A5D8 /* Release */ = {
			isa = XCBuildConfiguration;
			buildSettings = {
				ASSETCATALOG_COMPILER_APPICON_NAME = AppIcon;
				ASSETCATALOG_COMPILER_GLOBAL_ACCENT_COLOR_NAME = AccentColor;
				CODE_SIGN_ENTITLEMENTS = SnaptrackrV1/SnaptrackrV1.entitlements;
				CODE_SIGN_STYLE = Automatic;
				CURRENT_PROJECT_VERSION = 1;
				DEVELOPMENT_ASSET_PATHS = "\"SnaptrackrV1/Preview Content\"";
				DEVELOPMENT_TEAM = BK3KB8FDU5;
				ENABLE_PREVIEWS = YES;
				GENERATE_INFOPLIST_FILE = YES;
				INFOPLIST_FILE = SnaptrackrV1/Info.plist;
				INFOPLIST_KEY_UIApplicationSceneManifest_Generation = YES;
				INFOPLIST_KEY_UIApplicationSupportsIndirectInputEvents = YES;
				INFOPLIST_KEY_UILaunchScreen_Generation = YES;
				INFOPLIST_KEY_UISupportedInterfaceOrientations_iPad = "UIInterfaceOrientationPortrait UIInterfaceOrientationPortraitUpsideDown UIInterfaceOrientationLandscapeLeft UIInterfaceOrientationLandscapeRight";
				INFOPLIST_KEY_UISupportedInterfaceOrientations_iPhone = "UIInterfaceOrientationPortrait UIInterfaceOrientationLandscapeLeft UIInterfaceOrientationLandscapeRight";
				LD_RUNPATH_SEARCH_PATHS = (
					"$(inherited)",
					"@executable_path/Frameworks",
				);
				MARKETING_VERSION = 1.0;
				PRODUCT_BUNDLE_IDENTIFIER = SW.SnaptrackrV1;
				PRODUCT_NAME = "$(TARGET_NAME)";
				SWIFT_EMIT_LOC_STRINGS = YES;
				SWIFT_VERSION = 5.0;
				TARGETED_DEVICE_FAMILY = "1,2";
			};
			name = Release;
		};
		0259BA092D6F66160028A5D8 /* Debug */ = {
			isa = XCBuildConfiguration;
			buildSettings = {
				ALWAYS_SEARCH_USER_PATHS = NO;
				ASSETCATALOG_COMPILER_GENERATE_SWIFT_ASSET_SYMBOL_EXTENSIONS = YES;
				CLANG_ANALYZER_NONNULL = YES;
				CLANG_ANALYZER_NUMBER_OBJECT_CONVERSION = YES_AGGRESSIVE;
				CLANG_CXX_LANGUAGE_STANDARD = "gnu++20";
				CLANG_ENABLE_MODULES = YES;
				CLANG_ENABLE_OBJC_ARC = YES;
				CLANG_ENABLE_OBJC_WEAK = YES;
				CLANG_WARN_BLOCK_CAPTURE_AUTORELEASING = YES;
				CLANG_WARN_BOOL_CONVERSION = YES;
				CLANG_WARN_COMMA = YES;
				CLANG_WARN_CONSTANT_CONVERSION = YES;
				CLANG_WARN_DEPRECATED_OBJC_IMPLEMENTATIONS = YES;
				CLANG_WARN_DIRECT_OBJC_ISA_USAGE = YES_ERROR;
				CLANG_WARN_DOCUMENTATION_COMMENTS = YES;
				CLANG_WARN_EMPTY_BODY = YES;
				CLANG_WARN_ENUM_CONVERSION = YES;
				CLANG_WARN_INFINITE_RECURSION = YES;
				CLANG_WARN_INT_CONVERSION = YES;
				CLANG_WARN_NON_LITERAL_NULL_CONVERSION = YES;
				CLANG_WARN_OBJC_IMPLICIT_RETAIN_SELF = YES;
				CLANG_WARN_OBJC_LITERAL_CONVERSION = YES;
				CLANG_WARN_OBJC_ROOT_CLASS = YES_ERROR;
				CLANG_WARN_QUOTED_INCLUDE_IN_FRAMEWORK_HEADER = YES;
				CLANG_WARN_RANGE_LOOP_ANALYSIS = YES;
				CLANG_WARN_STRICT_PROTOTYPES = YES;
				CLANG_WARN_SUSPICIOUS_MOVE = YES;
				CLANG_WARN_UNGUARDED_AVAILABILITY = YES_AGGRESSIVE;
				CLANG_WARN_UNREACHABLE_CODE = YES;
				CLANG_WARN__DUPLICATE_METHOD_MATCH = YES;
				COPY_PHASE_STRIP = NO;
				DEBUG_INFORMATION_FORMAT = dwarf;
				ENABLE_STRICT_OBJC_MSGSEND = YES;
				ENABLE_TESTABILITY = YES;
				ENABLE_USER_SCRIPT_SANDBOXING = YES;
				GCC_C_LANGUAGE_STANDARD = gnu17;
				GCC_DYNAMIC_NO_PIC = NO;
				GCC_NO_COMMON_BLOCKS = YES;
				GCC_OPTIMIZATION_LEVEL = 0;
				GCC_PREPROCESSOR_DEFINITIONS = (
					"DEBUG=1",
					"$(inherited)",
				);
				GCC_WARN_64_TO_32_BIT_CONVERSION = YES;
				GCC_WARN_ABOUT_RETURN_TYPE = YES_ERROR;
				GCC_WARN_UNDECLARED_SELECTOR = YES;
				GCC_WARN_UNINITIALIZED_AUTOS = YES_AGGRESSIVE;
				GCC_WARN_UNUSED_FUNCTION = YES;
				GCC_WARN_UNUSED_VARIABLE = YES;
				IPHONEOS_DEPLOYMENT_TARGET = 18.2;
				LOCALIZATION_PREFERS_STRING_CATALOGS = YES;
				MTL_ENABLE_DEBUG_INFO = INCLUDE_SOURCE;
				MTL_FAST_MATH = YES;
				ONLY_ACTIVE_ARCH = YES;
				SDKROOT = iphoneos;
				SWIFT_ACTIVE_COMPILATION_CONDITIONS = "DEBUG $(inherited)";
				SWIFT_OPTIMIZATION_LEVEL = "-Onone";
			};
			name = Debug;
		};
		0259BA0A2D6F66160028A5D8 /* Release */ = {
			isa = XCBuildConfiguration;
			buildSettings = {
				ALWAYS_SEARCH_USER_PATHS = NO;
				ASSETCATALOG_COMPILER_GENERATE_SWIFT_ASSET_SYMBOL_EXTENSIONS = YES;
				CLANG_ANALYZER_NONNULL = YES;
				CLANG_ANALYZER_NUMBER_OBJECT_CONVERSION = YES_AGGRESSIVE;
				CLANG_CXX_LANGUAGE_STANDARD = "gnu++20";
				CLANG_ENABLE_MODULES = YES;
				CLANG_ENABLE_OBJC_ARC = YES;
				CLANG_ENABLE_OBJC_WEAK = YES;
				CLANG_WARN_BLOCK_CAPTURE_AUTORELEASING = YES;
				CLANG_WARN_BOOL_CONVERSION = YES;
				CLANG_WARN_COMMA = YES;
				CLANG_WARN_CONSTANT_CONVERSION = YES;
				CLANG_WARN_DEPRECATED_OBJC_IMPLEMENTATIONS = YES;
				CLANG_WARN_DIRECT_OBJC_ISA_USAGE = YES_ERROR;
				CLANG_WARN_DOCUMENTATION_COMMENTS = YES;
				CLANG_WARN_EMPTY_BODY = YES;
				CLANG_WARN_ENUM_CONVERSION = YES;
				CLANG_WARN_INFINITE_RECURSION = YES;
				CLANG_WARN_INT_CONVERSION = YES;
				CLANG_WARN_NON_LITERAL_NULL_CONVERSION = YES;
				CLANG_WARN_OBJC_IMPLICIT_RETAIN_SELF = YES;
				CLANG_WARN_OBJC_LITERAL_CONVERSION = YES;
				CLANG_WARN_OBJC_ROOT_CLASS = YES_ERROR;
				CLANG_WARN_QUOTED_INCLUDE_IN_FRAMEWORK_HEADER = YES;
				CLANG_WARN_RANGE_LOOP_ANALYSIS = YES;
				CLANG_WARN_STRICT_PROTOTYPES = YES;
				CLANG_WARN_SUSPICIOUS_MOVE = YES;
				CLANG_WARN_UNGUARDED_AVAILABILITY = YES_AGGRESSIVE;
				CLANG_WARN_UNREACHABLE_CODE = YES;
				CLANG_WARN__DUPLICATE_METHOD_MATCH = YES;
				COPY_PHASE_STRIP = NO;
				DEBUG_INFORMATION_FORMAT = "dwarf-with-dsym";
				ENABLE_NS_ASSERTIONS = NO;
				ENABLE_STRICT_OBJC_MSGSEND = YES;
				ENABLE_USER_SCRIPT_SANDBOXING = YES;
				GCC_C_LANGUAGE_STANDARD = gnu17;
				GCC_NO_COMMON_BLOCKS = YES;
				GCC_WARN_64_TO_32_BIT_CONVERSION = YES;
				GCC_WARN_ABOUT_RETURN_TYPE = YES_ERROR;
				GCC_WARN_UNDECLARED_SELECTOR = YES;
				GCC_WARN_UNINITIALIZED_AUTOS = YES_AGGRESSIVE;
				GCC_WARN_UNUSED_FUNCTION = YES;
				GCC_WARN_UNUSED_VARIABLE = YES;
				IPHONEOS_DEPLOYMENT_TARGET = 18.2;
				LOCALIZATION_PREFERS_STRING_CATALOGS = YES;
				MTL_ENABLE_DEBUG_INFO = NO;
				MTL_FAST_MATH = YES;
				SDKROOT = iphoneos;
				SWIFT_COMPILATION_MODE = wholemodule;
				VALIDATE_PRODUCT = YES;
			};
			name = Release;
		};
		0259BA0C2D6F66160028A5D8 /* Debug */ = {
			isa = XCBuildConfiguration;
			buildSettings = {
				BUNDLE_LOADER = "$(TEST_HOST)";
				CODE_SIGN_STYLE = Automatic;
				CURRENT_PROJECT_VERSION = 1;
				DEVELOPMENT_TEAM = BK3KB8FDU5;
				GENERATE_INFOPLIST_FILE = YES;
				IPHONEOS_DEPLOYMENT_TARGET = 18.2;
				MARKETING_VERSION = 1.0;
				PRODUCT_BUNDLE_IDENTIFIER = SW.SnaptrackrV1Tests;
				PRODUCT_NAME = "$(TARGET_NAME)";
				SWIFT_EMIT_LOC_STRINGS = NO;
				SWIFT_VERSION = 5.0;
				TARGETED_DEVICE_FAMILY = "1,2";
				TEST_HOST = "$(BUILT_PRODUCTS_DIR)/SnaptrackrV1.app/$(BUNDLE_EXECUTABLE_FOLDER_PATH)/SnaptrackrV1";
			};
			name = Debug;
		};
		0259BA0D2D6F66160028A5D8 /* Release */ = {
			isa = XCBuildConfiguration;
			buildSettings = {
				BUNDLE_LOADER = "$(TEST_HOST)";
				CODE_SIGN_STYLE = Automatic;
				CURRENT_PROJECT_VERSION = 1;
				DEVELOPMENT_TEAM = BK3KB8FDU5;
				GENERATE_INFOPLIST_FILE = YES;
				IPHONEOS_DEPLOYMENT_TARGET = 18.2;
				MARKETING_VERSION = 1.0;
				PRODUCT_BUNDLE_IDENTIFIER = SW.SnaptrackrV1Tests;
				PRODUCT_NAME = "$(TARGET_NAME)";
				SWIFT_EMIT_LOC_STRINGS = NO;
				SWIFT_VERSION = 5.0;
				TARGETED_DEVICE_FAMILY = "1,2";
				TEST_HOST = "$(BUILT_PRODUCTS_DIR)/SnaptrackrV1.app/$(BUNDLE_EXECUTABLE_FOLDER_PATH)/SnaptrackrV1";
			};
			name = Release;
		};
		0259BA0F2D6F66160028A5D8 /* Debug */ = {
			isa = XCBuildConfiguration;
			buildSettings = {
				CODE_SIGN_STYLE = Automatic;
				CURRENT_PROJECT_VERSION = 1;
				DEVELOPMENT_TEAM = BK3KB8FDU5;
				GENERATE_INFOPLIST_FILE = YES;
				MARKETING_VERSION = 1.0;
				PRODUCT_BUNDLE_IDENTIFIER = SW.SnaptrackrV1UITests;
				PRODUCT_NAME = "$(TARGET_NAME)";
				SWIFT_EMIT_LOC_STRINGS = NO;
				SWIFT_VERSION = 5.0;
				TARGETED_DEVICE_FAMILY = "1,2";
				TEST_TARGET_NAME = SnaptrackrV1;
			};
			name = Debug;
		};
		0259BA102D6F66160028A5D8 /* Release */ = {
			isa = XCBuildConfiguration;
			buildSettings = {
				CODE_SIGN_STYLE = Automatic;
				CURRENT_PROJECT_VERSION = 1;
				DEVELOPMENT_TEAM = BK3KB8FDU5;
				GENERATE_INFOPLIST_FILE = YES;
				MARKETING_VERSION = 1.0;
				PRODUCT_BUNDLE_IDENTIFIER = SW.SnaptrackrV1UITests;
				PRODUCT_NAME = "$(TARGET_NAME)";
				SWIFT_EMIT_LOC_STRINGS = NO;
				SWIFT_VERSION = 5.0;
				TARGETED_DEVICE_FAMILY = "1,2";
				TEST_TARGET_NAME = SnaptrackrV1;
			};
			name = Release;
		};
/* End XCBuildConfiguration section */

/* Begin XCConfigurationList section */
		0259B9DA2D6F66130028A5D8 /* Build configuration list for PBXProject "SnaptrackrV1" */ = {
			isa = XCConfigurationList;
			buildConfigurations = (
				0259BA092D6F66160028A5D8 /* Debug */,
				0259BA0A2D6F66160028A5D8 /* Release */,
			);
			defaultConfigurationIsVisible = 0;
			defaultConfigurationName = Release;
		};
		0259BA062D6F66160028A5D8 /* Build configuration list for PBXNativeTarget "SnaptrackrV1" */ = {
			isa = XCConfigurationList;
			buildConfigurations = (
				0259BA072D6F66160028A5D8 /* Debug */,
				0259BA082D6F66160028A5D8 /* Release */,
			);
			defaultConfigurationIsVisible = 0;
			defaultConfigurationName = Release;
		};
		0259BA0B2D6F66160028A5D8 /* Build configuration list for PBXNativeTarget "SnaptrackrV1Tests" */ = {
			isa = XCConfigurationList;
			buildConfigurations = (
				0259BA0C2D6F66160028A5D8 /* Debug */,
				0259BA0D2D6F66160028A5D8 /* Release */,
			);
			defaultConfigurationIsVisible = 0;
			defaultConfigurationName = Release;
		};
		0259BA0E2D6F66160028A5D8 /* Build configuration list for PBXNativeTarget "SnaptrackrV1UITests" */ = {
			isa = XCConfigurationList;
			buildConfigurations = (
				0259BA0F2D6F66160028A5D8 /* Debug */,
				0259BA102D6F66160028A5D8 /* Release */,
			);
			defaultConfigurationIsVisible = 0;
			defaultConfigurationName = Release;
		};
/* End XCConfigurationList section */
	};
	rootObject = 0259B9D72D6F66130028A5D8 /* Project object */;
}
